{
  "requires": true,
  "lockfileVersion": 1,
  "dependencies": {
    "lodash.defaults": {
      "version": "4.2.0",
      "resolved": "https://registry.npmjs.org/lodash.defaults/-/lodash.defaults-4.2.0.tgz",
      "integrity": "sha1-0JF4cW/+pN3p5ft7N/bwgCJ0WAw="
    },
    "reactstrap-confirm": {
      "version": "1.2.0",
      "resolved": "https://registry.npmjs.org/reactstrap-confirm/-/reactstrap-confirm-1.2.0.tgz",
      "integrity": "sha512-lPN456QW604lZ2xwVKQ4gLNqI7mdDTMZE8ulQ3eAKznd/EJegWq2rv+IplLLVI+dL6IKv0jy+elqIFzNVxbEqA==",
      "requires": {
        "lodash.defaults": "^4.2.0"
      }
    }
  }
}
